lockfileVersion: '9.0'

settings:
  autoInstallPeers: true
  excludeLinksFromLockfile: false

importers:

  .:
    devDependencies:
      '@netlify/functions':
        specifier: 6.0.2
        version: 6.0.2

packages:

  '@netlify/functions@6.0.2':
    resolution: {integrity: sha512-JqbPgAOt2GAwzCEitdEWAHOn6AkZ0Rna401wdAyuDIBiDv9M03b3Cu5mGH7/eHOmIXfZIcN1pG35flHjfu6asQ==}
    engines: {node: '>=22.12.0'}

  '@netlify/types@3.2.0':
    resolution: {integrity: sha512-PVvY1EEN9i2Er0LQoiyNG7i/BnwnttLuZqIkBnhL2Jrcj3P5N/NcGkv1i20MJ2ngNGSPQcT7tagDmF3V6BsdWg==}
    engines: {node: '>=22.12.0'}

snapshots:

  '@netlify/functions@6.0.2':
    dependencies:
      '@netlify/types': 3.2.0

  '@netlify/types@3.2.0': {}
